
Microsoft Visual Studio Solution File, Format Version 12.00
# Visual Studio Version 17
VisualStudioVersion = 17.7.34024.191
MinimumVisualStudioVersion = 10.0.40219.1
Project("{FAE04EC0-301F-11D3-BF4B-00C04F79EFBC}") = "WebBanSach", "WebBanSach\WebBanSach.csproj", "{2F5E96C5-4DD1-44CA-912F-C1E309BC8BE1}"
EndProject
Global
	GlobalSection(SolutionConfigurationPlatforms) = preSolution
		Debug|Any CPU = Debug|Any CPU
		Release|Any CPU = Release|Any CPU
	EndGlobalSection
	GlobalSection(ProjectConfigurationPlatforms) = postSolution
		{2F5E96C5-4DD1-44CA-912F-C1E309BC8BE1}.Debug|Any CPU.ActiveCfg = Debug|Any CPU
		{2F5E96C5-4DD1-44CA-912F-C1E309BC8BE1}.Debug|Any CPU.Build.0 = Debug|Any CPU
		{2F5E96C5-4DD1-44CA-912F-C1E309BC8BE1}.Release|Any CPU.ActiveCfg = Release|Any CPU
		{2F5E96C5-4DD1-44CA-912F-C1E309BC8BE1}.Release|Any CPU.Build.0 = Release|Any CPU
	EndGlobalSection
	GlobalSection(SolutionProperties) = preSolution
		HideSolutionNode = FALSE
	EndGlobalSection
	GlobalSection(ExtensibilityGlobals) = postSolution
		SolutionGuid = {0CA00CC4-3FEB-43A4-BADA-F8A443BB6DB1}
	EndGlobalSection
EndGlobal
